
Microsoft Visual Studio Solution File, Format Version 12.00
# Visual Studio Version 17
VisualStudioVersion = 17.1.32319.34
MinimumVisualStudioVersion = 10.0.40219.1
Project("{FAE04EC0-301F-11D3-BF4B-00C04F79EFBC}") = "tani-keisan", "tani-keisan\tani-keisan.csproj", "{DD3D20C6-6A96-457C-8244-8772BAE512C2}"
EndProject
Global
	GlobalSection(SolutionConfigurationPlatforms) = preSolution
		Debug|Any CPU = Debug|Any CPU
		Release|Any CPU = Release|Any CPU
	EndGlobalSection
	GlobalSection(ProjectConfigurationPlatforms) = postSolution
		{DD3D20C6-6A96-457C-8244-8772BAE512C2}.Debug|Any CPU.ActiveCfg = Debug|Any CPU
		{DD3D20C6-6A96-457C-8244-8772BAE512C2}.Debug|Any CPU.Build.0 = Debug|Any CPU
		{DD3D20C6-6A96-457C-8244-8772BAE512C2}.Release|Any CPU.ActiveCfg = Release|Any CPU
		{DD3D20C6-6A96-457C-8244-8772BAE512C2}.Release|Any CPU.Build.0 = Release|Any CPU
	EndGlobalSection
	GlobalSection(SolutionProperties) = preSolution
		HideSolutionNode = FALSE
	EndGlobalSection
	GlobalSection(ExtensibilityGlobals) = postSolution
		SolutionGuid = {82D7B386-955F-4358-BF6F-8CDF7F4C9253}
	EndGlobalSection
EndGlobal
